
Microsoft Visual Studio Solution File, Format Version 12.00
# Visual Studio Version 16
VisualStudioVersion = 16.0.31005.135
MinimumVisualStudioVersion = 10.0.40219.1
Project("{FAE04EC0-301F-11D3-BF4B-00C04F79EFBC}") = "ATSProject-api", "ATSProject-api\ATSProject-api.csproj", "{66DA5A1A-8CE2-4F1A-8821-7F69FB4E30AE}"
EndProject
Global
	GlobalSection(SolutionConfigurationPlatforms) = preSolution
		Debug|Any CPU = Debug|Any CPU
		Release|Any CPU = Release|Any CPU
	EndGlobalSection
	GlobalSection(ProjectConfigurationPlatforms) = postSolution
		{66DA5A1A-8CE2-4F1A-8821-7F69FB4E30AE}.Debug|Any CPU.ActiveCfg = Debug|Any CPU
		{66DA5A1A-8CE2-4F1A-8821-7F69FB4E30AE}.Debug|Any CPU.Build.0 = Debug|Any CPU
		{66DA5A1A-8CE2-4F1A-8821-7F69FB4E30AE}.Release|Any CPU.ActiveCfg = Release|Any CPU
		{66DA5A1A-8CE2-4F1A-8821-7F69FB4E30AE}.Release|Any CPU.Build.0 = Release|Any CPU
	EndGlobalSection
	GlobalSection(SolutionProperties) = preSolution
		HideSolutionNode = FALSE
	EndGlobalSection
	GlobalSection(ExtensibilityGlobals) = postSolution
		SolutionGuid = {6F31B020-30D7-42F2-9C64-8463435B6A8A}
	EndGlobalSection
EndGlobal
